
Microsoft Visual Studio Solution File, Format Version 12.00
# Visual Studio Version 17
VisualStudioVersion = 17.13.35806.99 d17.13
MinimumVisualStudioVersion = 10.0.40219.1
Project("{FAE04EC0-301F-11D3-BF4B-00C04F79EFBC}") = "OnlineStoreWebAPI", "OnlineStoreWebAPI\OnlineStoreWebAPI.csproj", "{0471E314-81B8-42B4-880B-752884260A26}"
EndProject
Project("{FAE04EC0-301F-11D3-BF4B-00C04F79EFBC}") = "TestProject", "TestProject\TestProject.csproj", "{AB3C3616-A6BA-4654-8948-63C2A2305ECD}"
EndProject
Global
	GlobalSection(SolutionConfigurationPlatforms) = preSolution
		Debug|Any CPU = Debug|Any CPU
		Release|Any CPU = Release|Any CPU
	EndGlobalSection
	GlobalSection(ProjectConfigurationPlatforms) = postSolution
		{0471E314-81B8-42B4-880B-752884260A26}.Debug|Any CPU.ActiveCfg = Debug|Any CPU
		{0471E314-81B8-42B4-880B-752884260A26}.Debug|Any CPU.Build.0 = Debug|Any CPU
		{0471E314-81B8-42B4-880B-752884260A26}.Release|Any CPU.ActiveCfg = Release|Any CPU
		{0471E314-81B8-42B4-880B-752884260A26}.Release|Any CPU.Build.0 = Release|Any CPU
		{AB3C3616-A6BA-4654-8948-63C2A2305ECD}.Debug|Any CPU.ActiveCfg = Debug|Any CPU
		{AB3C3616-A6BA-4654-8948-63C2A2305ECD}.Debug|Any CPU.Build.0 = Debug|Any CPU
		{AB3C3616-A6BA-4654-8948-63C2A2305ECD}.Release|Any CPU.ActiveCfg = Release|Any CPU
		{AB3C3616-A6BA-4654-8948-63C2A2305ECD}.Release|Any CPU.Build.0 = Release|Any CPU
	EndGlobalSection
	GlobalSection(SolutionProperties) = preSolution
		HideSolutionNode = FALSE
	EndGlobalSection
	GlobalSection(ExtensibilityGlobals) = postSolution
		SolutionGuid = {AB8F8F5F-760B-40EE-8E56-30BE39EDBC32}
	EndGlobalSection
EndGlobal
